
Microsoft Visual Studio Solution File, Format Version 12.00
# Visual Studio Version 17
VisualStudioVersion = 17.0.31912.275
MinimumVisualStudioVersion = 10.0.40219.1
Project("{FAE04EC0-301F-11D3-BF4B-00C04F79EFBC}") = "Git3mb", "Git3mb\Git3mb.csproj", "{48804F19-084D-4695-A6AB-ACED3669DE74}"
EndProject
Global
	GlobalSection(SolutionConfigurationPlatforms) = preSolution
		Debug|Any CPU = Debug|Any CPU
		Release|Any CPU = Release|Any CPU
	EndGlobalSection
	GlobalSection(ProjectConfigurationPlatforms) = postSolution
		{48804F19-084D-4695-A6AB-ACED3669DE74}.Debug|Any CPU.ActiveCfg = Debug|Any CPU
		{48804F19-084D-4695-A6AB-ACED3669DE74}.Debug|Any CPU.Build.0 = Debug|Any CPU
		{48804F19-084D-4695-A6AB-ACED3669DE74}.Release|Any CPU.ActiveCfg = Release|Any CPU
		{48804F19-084D-4695-A6AB-ACED3669DE74}.Release|Any CPU.Build.0 = Release|Any CPU
	EndGlobalSection
	GlobalSection(SolutionProperties) = preSolution
		HideSolutionNode = FALSE
	EndGlobalSection
	GlobalSection(ExtensibilityGlobals) = postSolution
		SolutionGuid = {CBD684AE-4A86-41CD-B4D7-D0A1581EA4E0}
	EndGlobalSection
EndGlobal
